// !$*UTF8*$!
{
	archiveVersion = 1;
	classes = {
	};
	objectVersion = 46;
	objects = {

/* Begin PBXBuildFile section */
		74AB631BFE8312B84EE5A90A /* libPods-Todo-list.a in Frameworks */ = {isa = PBXBuildFile; fileRef = AD4CBD346B38A70D28EABA3D /* libPods-Todo-list.a */; };
		A1320DDB1EC0EBC90060440B /* LoginViewController.m in Sources */ = {isa = PBXBuildFile; fileRef = A1320DDA1EC0EBC90060440B /* LoginViewController.m */; };
		A1320DDE1EC10E630060440B /* NewTodoViewController.m in Sources */ = {isa = PBXBuildFile; fileRef = A1320DDD1EC10E630060440B /* NewTodoViewController.m */; };
		A1320DE81EC233A90060440B /* Interface.storyboard in Resources */ = {isa = PBXBuildFile; fileRef = A1320DE61EC233A90060440B /* Interface.storyboard */; };
		A1320DEA1EC233A90060440B /* Assets.xcassets in Resources */ = {isa = PBXBuildFile; fileRef = A1320DE91EC233A90060440B /* Assets.xcassets */; };
		A1320DF11EC233A90060440B /* Watchkit-todo-list Extension.appex in Embed App Extensions */ = {isa = PBXBuildFile; fileRef = A1320DF01EC233A90060440B /* Watchkit-todo-list Extension.appex */; settings = {ATTRIBUTES = (RemoveHeadersOnCopy, ); }; };
		A1320DF71EC233AA0060440B /* InterfaceController.m in Sources */ = {isa = PBXBuildFile; fileRef = A1320DF61EC233AA0060440B /* InterfaceController.m */; };
		A1320DFA1EC233AA0060440B /* ExtensionDelegate.m in Sources */ = {isa = PBXBuildFile; fileRef = A1320DF91EC233AA0060440B /* ExtensionDelegate.m */; };
		A1320DFC1EC233AA0060440B /* Assets.xcassets in Resources */ = {isa = PBXBuildFile; fileRef = A1320DFB1EC233AA0060440B /* Assets.xcassets */; };
		A1320E001EC233AA0060440B /* Watchkit-todo-list.app in Embed Watch Content */ = {isa = PBXBuildFile; fileRef = A1320DE41EC233A90060440B /* Watchkit-todo-list.app */; };
		A1F4A4CD1EC0DD9E00F87F03 /* main.m in Sources */ = {isa = PBXBuildFile; fileRef = A1F4A4CC1EC0DD9E00F87F03 /* main.m */; };
		A1F4A4D01EC0DD9E00F87F03 /* AppDelegate.m in Sources */ = {isa = PBXBuildFile; fileRef = A1F4A4CF1EC0DD9E00F87F03 /* AppDelegate.m */; };
		A1F4A4D31EC0DD9E00F87F03 /* ViewController.m in Sources */ = {isa = PBXBuildFile; fileRef = A1F4A4D21EC0DD9E00F87F03 /* ViewController.m */; };
		A1F4A4D61EC0DD9E00F87F03 /* Main.storyboard in Resources */ = {isa = PBXBuildFile; fileRef = A1F4A4D41EC0DD9E00F87F03 /* Main.storyboard */; };
		A1F4A4D81EC0DD9E00F87F03 /* Assets.xcassets in Resources */ = {isa = PBXBuildFile; fileRef = A1F4A4D71EC0DD9E00F87F03 /* Assets.xcassets */; };
		A1F4A4DB1EC0DD9E00F87F03 /* LaunchScreen.storyboard in Resources */ = {isa = PBXBuildFile; fileRef = A1F4A4D91EC0DD9E00F87F03 /* LaunchScreen.storyboard */; };
		A1F4A4E31EC0DFFA00F87F03 /* GoogleService-Info.plist in Resources */ = {isa = PBXBuildFile; fileRef = A1F4A4E21EC0DFFA00F87F03 /* GoogleService-Info.plist */; };
/* End PBXBuildFile section */

/* Begin PBXContainerItemProxy section */
		A1320DF21EC233A90060440B /* PBXContainerItemProxy */ = {
			isa = PBXContainerItemProxy;
			containerPortal = A1F4A4C01EC0DD9E00F87F03 /* Project object */;
			proxyType = 1;
			remoteGlobalIDString = A1320DEF1EC233A90060440B;
			remoteInfo = "Watchkit-todo-list Extension";
		};
		A1320DFE1EC233AA0060440B /* PBXContainerItemProxy */ = {
			isa = PBXContainerItemProxy;
			containerPortal = A1F4A4C01EC0DD9E00F87F03 /* Project object */;
			proxyType = 1;
			remoteGlobalIDString = A1320DE31EC233A90060440B;
			remoteInfo = "Watchkit-todo-list";
		};
/* End PBXContainerItemProxy section */

/* Begin PBXCopyFilesBuildPhase section */
		A1320E041EC233AA0060440B /* Embed App Extensions */ = {
			isa = PBXCopyFilesBuildPhase;
			buildActionMask = 2147483647;
			dstPath = "";
			dstSubfolderSpec = 13;
			files = (
				A1320DF11EC233A90060440B /* Watchkit-todo-list Extension.appex in Embed App Extensions */,
			);
			name = "Embed App Extensions";
			runOnlyForDeploymentPostprocessing = 0;
		};
		A1320E081EC233AA0060440B /* Embed Watch Content */ = {
			isa = PBXCopyFilesBuildPhase;
			buildActionMask = 2147483647;
			dstPath = "$(CONTENTS_FOLDER_PATH)/Watch";
			dstSubfolderSpec = 16;
			files = (
				A1320E001EC233AA0060440B /* Watchkit-todo-list.app in Embed Watch Content */,
			);
			name = "Embed Watch Content";
			runOnlyForDeploymentPostprocessing = 0;
		};
/* End PBXCopyFilesBuildPhase section */

/* Begin PBXFileReference section */
		57390AE74B743BD500C50C75 /* Pods-Todo-list.release.xcconfig */ = {isa = PBXFileReference; includeInIndex = 1; lastKnownFileType = text.xcconfig; name = "Pods-Todo-list.release.xcconfig"; path = "Pods/Target Support Files/Pods-Todo-list/Pods-Todo-list.release.xcconfig"; sourceTree = "<group>"; };
		62D402EBC99E086F1D4A4755 /* Pods-Todo-list.debug.xcconfig */ = {isa = PBXFileReference; includeInIndex = 1; lastKnownFileType = text.xcconfig; name = "Pods-Todo-list.debug.xcconfig"; path = "Pods/Target Support Files/Pods-Todo-list/Pods-Todo-list.debug.xcconfig"; sourceTree = "<group>"; };
		A1320DD91EC0EBC90060440B /* LoginViewController.h */ = {isa = PBXFileReference; fileEncoding = 4; lastKnownFileType = sourcecode.c.h; path = LoginViewController.h; sourceTree = "<group>"; };
		A1320DDA1EC0EBC90060440B /* LoginViewController.m */ = {isa = PBXFileReference; fileEncoding = 4; lastKnownFileType = sourcecode.c.objc; path = LoginViewController.m; sourceTree = "<group>"; };
		A1320DDC1EC10E630060440B /* NewTodoViewController.h */ = {isa = PBXFileReference; fileEncoding = 4; lastKnownFileType = sourcecode.c.h; path = NewTodoViewController.h; sourceTree = "<group>"; };
		A1320DDD1EC10E630060440B /* NewTodoViewController.m */ = {isa = PBXFileReference; fileEncoding = 4; lastKnownFileType = sourcecode.c.objc; path = NewTodoViewController.m; sourceTree = "<group>"; };
		A1320DE41EC233A90060440B /* Watchkit-todo-list.app */ = {isa = PBXFileReference; explicitFileType = wrapper.application; includeInIndex = 0; path = "Watchkit-todo-list.app"; sourceTree = BUILT_PRODUCTS_DIR; };
		A1320DE71EC233A90060440B /* Base */ = {isa = PBXFileReference; lastKnownFileType = file.storyboard; name = Base; path = Base.lproj/Interface.storyboard; sourceTree = "<group>"; };
		A1320DE91EC233A90060440B /* Assets.xcassets */ = {isa = PBXFileReference; lastKnownFileType = folder.assetcatalog; path = Assets.xcassets; sourceTree = "<group>"; };
		A1320DEB1EC233A90060440B /* Info.plist */ = {isa = PBXFileReference; lastKnownFileType = text.plist.xml; path = Info.plist; sourceTree = "<group>"; };
		A1320DF01EC233A90060440B /* Watchkit-todo-list Extension.appex */ = {isa = PBXFileReference; explicitFileType = "wrapper.app-extension"; includeInIndex = 0; path = "Watchkit-todo-list Extension.appex"; sourceTree = BUILT_PRODUCTS_DIR; };
		A1320DF51EC233AA0060440B /* InterfaceController.h */ = {isa = PBXFileReference; lastKnownFileType = sourcecode.c.h; path = InterfaceController.h; sourceTree = "<group>"; };
		A1320DF61EC233AA0060440B /* InterfaceController.m */ = {isa = PBXFileReference; lastKnownFileType = sourcecode.c.objc; path = InterfaceController.m; sourceTree = "<group>"; };
		A1320DF81EC233AA0060440B /* ExtensionDelegate.h */ = {isa = PBXFileReference; lastKnownFileType = sourcecode.c.h; path = ExtensionDelegate.h; sourceTree = "<group>"; };
		A1320DF91EC233AA0060440B /* ExtensionDelegate.m */ = {isa = PBXFileReference; lastKnownFileType = sourcecode.c.objc; path = ExtensionDelegate.m; sourceTree = "<group>"; };
		A1320DFB1EC233AA0060440B /* Assets.xcassets */ = {isa = PBXFileReference; lastKnownFileType = folder.assetcatalog; path = Assets.xcassets; sourceTree = "<group>"; };
		A1320DFD1EC233AA0060440B /* Info.plist */ = {isa = PBXFileReference; lastKnownFileType = text.plist.xml; path = Info.plist; sourceTree = "<group>"; };
		A1F4A4C81EC0DD9E00F87F03 /* Todo-list.app */ = {isa = PBXFileReference; explicitFileType = wrapper.application; includeInIndex = 0; path = "Todo-list.app"; sourceTree = BUILT_PRODUCTS_DIR; };
		A1F4A4CC1EC0DD9E00F87F03 /* main.m */ = {isa = PBXFileReference; lastKnownFileType = sourcecode.c.objc; path = main.m; sourceTree = "<group>"; };
		A1F4A4CE1EC0DD9E00F87F03 /* AppDelegate.h */ = {isa = PBXFileReference; lastKnownFileType = sourcecode.c.h; path = AppDelegate.h; sourceTree = "<group>"; };
		A1F4A4CF1EC0DD9E00F87F03 /* AppDelegate.m */ = {isa = PBXFileReference; lastKnownFileType = sourcecode.c.objc; path = AppDelegate.m; sourceTree = "<group>"; };
		A1F4A4D11EC0DD9E00F87F03 /* ViewController.h */ = {isa = PBXFileReference; lastKnownFileType = sourcecode.c.h; path = ViewController.h; sourceTree = "<group>"; };
		A1F4A4D21EC0DD9E00F87F03 /* ViewController.m */ = {isa = PBXFileReference; lastKnownFileType = sourcecode.c.objc; path = ViewController.m; sourceTree = "<group>"; };
		A1F4A4D51EC0DD9E00F87F03 /* Base */ = {isa = PBXFileReference; lastKnownFileType = file.storyboard; name = Base; path = Base.lproj/Main.storyboard; sourceTree = "<group>"; };
		A1F4A4D71EC0DD9E00F87F03 /* Assets.xcassets */ = {isa = PBXFileReference; lastKnownFileType = folder.assetcatalog; path = Assets.xcassets; sourceTree = "<group>"; };
		A1F4A4DA1EC0DD9E00F87F03 /* Base */ = {isa = PBXFileReference; lastKnownFileType = file.storyboard; name = Base; path = Base.lproj/LaunchScreen.storyboard; sourceTree = "<group>"; };
		A1F4A4DC1EC0DD9E00F87F03 /* Info.plist */ = {isa = PBXFileReference; lastKnownFileType = text.plist.xml; path = Info.plist; sourceTree = "<group>"; };
		A1F4A4E21EC0DFFA00F87F03 /* GoogleService-Info.plist */ = {isa = PBXFileReference; fileEncoding = 4; lastKnownFileType = text.plist.xml; path = "GoogleService-Info.plist"; sourceTree = "<group>"; };
		AD4CBD346B38A70D28EABA3D /* libPods-Todo-list.a */ = {isa = PBXFileReference; explicitFileType = archive.ar; includeInIndex = 0; path = "libPods-Todo-list.a"; sourceTree = BUILT_PRODUCTS_DIR; };
/* End PBXFileReference section */

/* Begin PBXFrameworksBuildPhase section */
		A1320DED1EC233A90060440B /* Frameworks */ = {
			isa = PBXFrameworksBuildPhase;
			buildActionMask = 2147483647;
			files = (
			);
			runOnlyForDeploymentPostprocessing = 0;
		};
		A1F4A4C51EC0DD9E00F87F03 /* Frameworks */ = {
			isa = PBXFrameworksBuildPhase;
			buildActionMask = 2147483647;
			files = (
				74AB631BFE8312B84EE5A90A /* libPods-Todo-list.a in Frameworks */,
			);
			runOnlyForDeploymentPostprocessing = 0;
		};
/* End PBXFrameworksBuildPhase section */

/* Begin PBXGroup section */
		5F0FF74D0E8494F7233101F9 /* Pods */ = {
			isa = PBXGroup;
			children = (
				62D402EBC99E086F1D4A4755 /* Pods-Todo-list.debug.xcconfig */,
				57390AE74B743BD500C50C75 /* Pods-Todo-list.release.xcconfig */,
			);
			name = Pods;
			sourceTree = "<group>";
		};
		A1320DDF1EC13EE80060440B /* Controller */ = {
			isa = PBXGroup;
			children = (
				A1F4A4D11EC0DD9E00F87F03 /* ViewController.h */,
				A1F4A4D21EC0DD9E00F87F03 /* ViewController.m */,
				A1320DDC1EC10E630060440B /* NewTodoViewController.h */,
				A1320DDD1EC10E630060440B /* NewTodoViewController.m */,
				A1320DD91EC0EBC90060440B /* LoginViewController.h */,
				A1320DDA1EC0EBC90060440B /* LoginViewController.m */,
			);
			name = Controller;
			sourceTree = "<group>";
		};
		A1320DE01EC13F000060440B /* View */ = {
			isa = PBXGroup;
			children = (
				A1F4A4D41EC0DD9E00F87F03 /* Main.storyboard */,
				A1F4A4D91EC0DD9E00F87F03 /* LaunchScreen.storyboard */,
			);
			name = View;
			sourceTree = "<group>";
		};
		A1320DE11EC13F230060440B /* Model */ = {
			isa = PBXGroup;
			children = (
				A1F4A4CE1EC0DD9E00F87F03 /* AppDelegate.h */,
				A1F4A4CF1EC0DD9E00F87F03 /* AppDelegate.m */,
				A1F4A4D71EC0DD9E00F87F03 /* Assets.xcassets */,
				A1F4A4DC1EC0DD9E00F87F03 /* Info.plist */,
				A1F4A4E21EC0DFFA00F87F03 /* GoogleService-Info.plist */,
			);
			name = Model;
			sourceTree = "<group>";
		};
		A1320DE51EC233A90060440B /* Watchkit-todo-list */ = {
			isa = PBXGroup;
			children = (
				A1320DE61EC233A90060440B /* Interface.storyboard */,
				A1320DE91EC233A90060440B /* Assets.xcassets */,
				A1320DEB1EC233A90060440B /* Info.plist */,
			);
			path = "Watchkit-todo-list";
			sourceTree = "<group>";
		};
		A1320DF41EC233AA0060440B /* Watchkit-todo-list Extension */ = {
			isa = PBXGroup;
			children = (
				A1320DF51EC233AA0060440B /* InterfaceController.h */,
				A1320DF61EC233AA0060440B /* InterfaceController.m */,
				A1320DF81EC233AA0060440B /* ExtensionDelegate.h */,
				A1320DF91EC233AA0060440B /* ExtensionDelegate.m */,
				A1320DFB1EC233AA0060440B /* Assets.xcassets */,
				A1320DFD1EC233AA0060440B /* Info.plist */,
			);
			path = "Watchkit-todo-list Extension";
			sourceTree = "<group>";
		};
		A1F4A4BF1EC0DD9E00F87F03 = {
			isa = PBXGroup;
			children = (
				A1F4A4CA1EC0DD9E00F87F03 /* Todo-list */,
				A1320DE51EC233A90060440B /* Watchkit-todo-list */,
				A1320DF41EC233AA0060440B /* Watchkit-todo-list Extension */,
				A1F4A4C91EC0DD9E00F87F03 /* Products */,
				5F0FF74D0E8494F7233101F9 /* Pods */,
				F913658207E7FE21FFCB02D4 /* Frameworks */,
			);
			sourceTree = "<group>";
		};
		A1F4A4C91EC0DD9E00F87F03 /* Products */ = {
			isa = PBXGroup;
			children = (
				A1F4A4C81EC0DD9E00F87F03 /* Todo-list.app */,
				A1320DE41EC233A90060440B /* Watchkit-todo-list.app */,
				A1320DF01EC233A90060440B /* Watchkit-todo-list Extension.appex */,
			);
			name = Products;
			sourceTree = "<group>";
		};
		A1F4A4CA1EC0DD9E00F87F03 /* Todo-list */ = {
			isa = PBXGroup;
			children = (
				A1320DE11EC13F230060440B /* Model */,
				A1320DDF1EC13EE80060440B /* Controller */,
				A1320DE01EC13F000060440B /* View */,
				A1F4A4CB1EC0DD9E00F87F03 /* Supporting Files */,
			);
			path = "Todo-list";
			sourceTree = "<group>";
		};
		A1F4A4CB1EC0DD9E00F87F03 /* Supporting Files */ = {
			isa = PBXGroup;
			children = (
				A1F4A4CC1EC0DD9E00F87F03 /* main.m */,
			);
			name = "Supporting Files";
			sourceTree = "<group>";
		};
		F913658207E7FE21FFCB02D4 /* Frameworks */ = {
			isa = PBXGroup;
			children = (
				AD4CBD346B38A70D28EABA3D /* libPods-Todo-list.a */,
			);
			name = Frameworks;
			sourceTree = "<group>";
		};
/* End PBXGroup section */

/* Begin PBXNativeTarget section */
		A1320DE31EC233A90060440B /* Watchkit-todo-list */ = {
			isa = PBXNativeTarget;
			buildConfigurationList = A1320E051EC233AA0060440B /* Build configuration list for PBXNativeTarget "Watchkit-todo-list" */;
			buildPhases = (
				A1320DE21EC233A90060440B /* Resources */,
				A1320E041EC233AA0060440B /* Embed App Extensions */,
			);
			buildRules = (
			);
			dependencies = (
				A1320DF31EC233A90060440B /* PBXTargetDependency */,
			);
			name = "Watchkit-todo-list";
			productName = "Watchkit-todo-list";
			productReference = A1320DE41EC233A90060440B /* Watchkit-todo-list.app */;
			productType = "com.apple.product-type.application.watchapp2";
		};
		A1320DEF1EC233A90060440B /* Watchkit-todo-list Extension */ = {
			isa = PBXNativeTarget;
			buildConfigurationList = A1320E011EC233AA0060440B /* Build configuration list for PBXNativeTarget "Watchkit-todo-list Extension" */;
			buildPhases = (
				A1320DEC1EC233A90060440B /* Sources */,
				A1320DED1EC233A90060440B /* Frameworks */,
				A1320DEE1EC233A90060440B /* Resources */,
			);
			buildRules = (
			);
			dependencies = (
			);
			name = "Watchkit-todo-list Extension";
			productName = "Watchkit-todo-list Extension";
			productReference = A1320DF01EC233A90060440B /* Watchkit-todo-list Extension.appex */;
			productType = "com.apple.product-type.watchkit2-extension";
		};
		A1F4A4C71EC0DD9E00F87F03 /* Todo-list */ = {
			isa = PBXNativeTarget;
			buildConfigurationList = A1F4A4DF1EC0DD9E00F87F03 /* Build configuration list for PBXNativeTarget "Todo-list" */;
			buildPhases = (
				F3E21D884CB94A5A85BB5D72 /* [CP] Check Pods Manifest.lock */,
				A1F4A4C41EC0DD9E00F87F03 /* Sources */,
				A1F4A4C51EC0DD9E00F87F03 /* Frameworks */,
				A1F4A4C61EC0DD9E00F87F03 /* Resources */,
				AFD503B73F7F7F87A7727CD0 /* [CP] Embed Pods Frameworks */,
				3B5B286B80B616ADCAD3FF84 /* [CP] Copy Pods Resources */,
				A1320E081EC233AA0060440B /* Embed Watch Content */,
			);
			buildRules = (
			);
			dependencies = (
				A1320DFF1EC233AA0060440B /* PBXTargetDependency */,
			);
			name = "Todo-list";
			productName = "Todo-list";
			productReference = A1F4A4C81EC0DD9E00F87F03 /* Todo-list.app */;
			productType = "com.apple.product-type.application";
		};
/* End PBXNativeTarget section */

/* Begin PBXProject section */
		A1F4A4C01EC0DD9E00F87F03 /* Project object */ = {
			isa = PBXProject;
			attributes = {
				LastUpgradeCheck = 0830;
				ORGANIZATIONNAME = "David Porter";
				TargetAttributes = {
					A1320DE31EC233A90060440B = {
						CreatedOnToolsVersion = 8.3.2;
						DevelopmentTeam = AB9NKXMTZH;
						ProvisioningStyle = Automatic;
					};
					A1320DEF1EC233A90060440B = {
						CreatedOnToolsVersion = 8.3.2;
						DevelopmentTeam = AB9NKXMTZH;
						ProvisioningStyle = Automatic;
					};
					A1F4A4C71EC0DD9E00F87F03 = {
						CreatedOnToolsVersion = 8.3.2;
						DevelopmentTeam = AB9NKXMTZH;
						ProvisioningStyle = Automatic;
					};
				};
			};
			buildConfigurationList = A1F4A4C31EC0DD9E00F87F03 /* Build configuration list for PBXProject "Todo-list" */;
			compatibilityVersion = "Xcode 3.2";
			developmentRegion = English;
			hasScannedForEncodings = 0;
			knownRegions = (
				en,
				Base,
			);
			mainGroup = A1F4A4BF1EC0DD9E00F87F03;
			productRefGroup = A1F4A4C91EC0DD9E00F87F03 /* Products */;
			projectDirPath = "";
			projectRoot = "";
			targets = (
				A1F4A4C71EC0DD9E00F87F03 /* Todo-list */,
				A1320DE31EC233A90060440B /* Watchkit-todo-list */,
				A1320DEF1EC233A90060440B /* Watchkit-todo-list Extension */,
			);
		};
/* End PBXProject section */

/* Begin PBXResourcesBuildPhase section */
		A1320DE21EC233A90060440B /* Resources */ = {
			isa = PBXResourcesBuildPhase;
			buildActionMask = 2147483647;
			files = (
				A1320DEA1EC233A90060440B /* Assets.xcassets in Resources */,
				A1320DE81EC233A90060440B /* Interface.storyboard in Resources */,
			);
			runOnlyForDeploymentPostprocessing = 0;
		};
		A1320DEE1EC233A90060440B /* Resources */ = {
			isa = PBXResourcesBuildPhase;
			buildActionMask = 2147483647;
			files = (
				A1320DFC1EC233AA0060440B /* Assets.xcassets in Resources */,
			);
			runOnlyForDeploymentPostprocessing = 0;
		};
		A1F4A4C61EC0DD9E00F87F03 /* Resources */ = {
			isa = PBXResourcesBuildPhase;
			buildActionMask = 2147483647;
			files = (
				A1F4A4DB1EC0DD9E00F87F03 /* LaunchScreen.storyboard in Resources */,
				A1F4A4E31EC0DFFA00F87F03 /* GoogleService-Info.plist in Resources */,
				A1F4A4D81EC0DD9E00F87F03 /* Assets.xcassets in Resources */,
				A1F4A4D61EC0DD9E00F87F03 /* Main.storyboard in Resources */,
			);
			runOnlyForDeploymentPostprocessing = 0;
		};
/* End PBXResourcesBuildPhase section */

/* Begin PBXShellScriptBuildPhase section */
		3B5B286B80B616ADCAD3FF84 /* [CP] Copy Pods Resources */ = {
			isa = PBXShellScriptBuildPhase;
			buildActionMask = 2147483647;
			files = (
			);
			inputPaths = (
			);
			name = "[CP] Copy Pods Resources";
			outputPaths = (
			);
			runOnlyForDeploymentPostprocessing = 0;
			shellPath = /bin/sh;
			shellScript = "\"${SRCROOT}/Pods/Target Support Files/Pods-Todo-list/Pods-Todo-list-resources.sh\"\n";
			showEnvVarsInLog = 0;
		};
		AFD503B73F7F7F87A7727CD0 /* [CP] Embed Pods Frameworks */ = {
			isa = PBXShellScriptBuildPhase;
			buildActionMask = 2147483647;
			files = (
			);
			inputPaths = (
			);
			name = "[CP] Embed Pods Frameworks";
			outputPaths = (
			);
			runOnlyForDeploymentPostprocessing = 0;
			shellPath = /bin/sh;
			shellScript = "\"${SRCROOT}/Pods/Target Support Files/Pods-Todo-list/Pods-Todo-list-frameworks.sh\"\n";
			showEnvVarsInLog = 0;
		};
		F3E21D884CB94A5A85BB5D72 /* [CP] Check Pods Manifest.lock */ = {
			isa = PBXShellScriptBuildPhase;
			buildActionMask = 2147483647;
			files = (
			);
			inputPaths = (
			);
			name = "[CP] Check Pods Manifest.lock";
			outputPaths = (
			);
			runOnlyForDeploymentPostprocessing = 0;
			shellPath = /bin/sh;
			shellScript = "diff \"${PODS_PODFILE_DIR_PATH}/Podfile.lock\" \"${PODS_ROOT}/Manifest.lock\" > /dev/null\nif [ $? != 0 ] ; then\n    # print error to STDERR\n    echo \"error: The sandbox is not in sync with the Podfile.lock. Run 'pod install' or update your CocoaPods installation.\" >&2\n    exit 1\nfi\n";
			showEnvVarsInLog = 0;
		};
/* End PBXShellScriptBuildPhase section */

/* Begin PBXSourcesBuildPhase section */
		A1320DEC1EC233A90060440B /* Sources */ = {
			isa = PBXSourcesBuildPhase;
			buildActionMask = 2147483647;
			files = (
				A1320DFA1EC233AA0060440B /* ExtensionDelegate.m in Sources */,
				A1320DF71EC233AA0060440B /* InterfaceController.m in Sources */,
			);
			runOnlyForDeploymentPostprocessing = 0;
		};
		A1F4A4C41EC0DD9E00F87F03 /* Sources */ = {
			isa = PBXSourcesBuildPhase;
			buildActionMask = 2147483647;
			files = (
				A1320DDB1EC0EBC90060440B /* LoginViewController.m in Sources */,
				A1F4A4D31EC0DD9E00F87F03 /* ViewController.m in Sources */,
				A1F4A4D01EC0DD9E00F87F03 /* AppDelegate.m in Sources */,
				A1320DDE1EC10E630060440B /* NewTodoViewController.m in Sources */,
				A1F4A4CD1EC0DD9E00F87F03 /* main.m in Sources */,
			);
			runOnlyForDeploymentPostprocessing = 0;
		};
/* End PBXSourcesBuildPhase section */

/* Begin PBXTargetDependency section */
		A1320DF31EC233A90060440B /* PBXTargetDependency */ = {
			isa = PBXTargetDependency;
			target = A1320DEF1EC233A90060440B /* Watchkit-todo-list Extension */;
			targetProxy = A1320DF21EC233A90060440B /* PBXContainerItemProxy */;
		};
		A1320DFF1EC233AA0060440B /* PBXTargetDependency */ = {
			isa = PBXTargetDependency;
			target = A1320DE31EC233A90060440B /* Watchkit-todo-list */;
			targetProxy = A1320DFE1EC233AA0060440B /* PBXContainerItemProxy */;
		};
/* End PBXTargetDependency section */

/* Begin PBXVariantGroup section */
		A1320DE61EC233A90060440B /* Interface.storyboard */ = {
			isa = PBXVariantGroup;
			children = (
				A1320DE71EC233A90060440B /* Base */,
			);
			name = Interface.storyboard;
			sourceTree = "<group>";
		};
		A1F4A4D41EC0DD9E00F87F03 /* Main.storyboard */ = {
			isa = PBXVariantGroup;
			children = (
				A1F4A4D51EC0DD9E00F87F03 /* Base */,
			);
			name = Main.storyboard;
			sourceTree = "<group>";
		};
		A1F4A4D91EC0DD9E00F87F03 /* LaunchScreen.storyboard */ = {
			isa = PBXVariantGroup;
			children = (
				A1F4A4DA1EC0DD9E00F87F03 /* Base */,
			);
			name = LaunchScreen.storyboard;
			sourceTree = "<group>";
		};
/* End PBXVariantGroup section */

/* Begin XCBuildConfiguration section */
		A1320E021EC233AA0060440B /* Debug */ = {
			isa = XCBuildConfiguration;
			buildSettings = {
				ASSETCATALOG_COMPILER_COMPLICATION_NAME = Complication;
				DEVELOPMENT_TEAM = AB9NKXMTZH;
				INFOPLIST_FILE = "Watchkit-todo-list Extension/Info.plist";
				LD_RUNPATH_SEARCH_PATHS = "$(inherited) @executable_path/Frameworks @executable_path/../../Frameworks";
				PRODUCT_BUNDLE_IDENTIFIER = "com.davidporter.Todo-list.watchkitapp.watchkitextension";
				PRODUCT_NAME = "${TARGET_NAME}";
				SDKROOT = watchos;
				SKIP_INSTALL = YES;
				TARGETED_DEVICE_FAMILY = 4;
				WATCHOS_DEPLOYMENT_TARGET = 3.2;
			};
			name = Debug;
		};
		A1320E031EC233AA0060440B /* Release */ = {
			isa = XCBuildConfiguration;
			buildSettings = {
				ASSETCATALOG_COMPILER_COMPLICATION_NAME = Complication;
				DEVELOPMENT_TEAM = AB9NKXMTZH;
				INFOPLIST_FILE = "Watchkit-todo-list Extension/Info.plist";
				LD_RUNPATH_SEARCH_PATHS = "$(inherited) @executable_path/Frameworks @executable_path/../../Frameworks";
				PRODUCT_BUNDLE_IDENTIFIER = "com.davidporter.Todo-list.watchkitapp.watchkitextension";
				PRODUCT_NAME = "${TARGET_NAME}";
				SDKROOT = watchos;
				SKIP_INSTALL = YES;
				TARGETED_DEVICE_FAMILY = 4;
				WATCHOS_DEPLOYMENT_TARGET = 3.2;
			};
			name = Release;
		};
		A1320E061EC233AA0060440B /* Debug */ = {
			isa = XCBuildConfiguration;
			buildSettings = {
				ASSETCATALOG_COMPILER_APPICON_NAME = AppIcon;
				DEVELOPMENT_TEAM = AB9NKXMTZH;
				IBSC_MODULE = Watchkit_todo_list_Extension;
				INFOPLIST_FILE = "Watchkit-todo-list/Info.plist";
				PRODUCT_BUNDLE_IDENTIFIER = "com.davidporter.Todo-list.watchkitapp";
				PRODUCT_NAME = "$(TARGET_NAME)";
				SDKROOT = watchos;
				SKIP_INSTALL = YES;
				TARGETED_DEVICE_FAMILY = 4;
				WATCHOS_DEPLOYMENT_TARGET = 3.2;
			};
			name = Debug;
		};
		A1320E071EC233AA0060440B /* Release */ = {
			isa = XCBuildConfiguration;
			buildSettings = {
				ASSETCATALOG_COMPILER_APPICON_NAME = AppIcon;
				DEVELOPMENT_TEAM = AB9NKXMTZH;
				IBSC_MODULE = Watchkit_todo_list_Extension;
				INFOPLIST_FILE = "Watchkit-todo-list/Info.plist";
				PRODUCT_BUNDLE_IDENTIFIER = "com.davidporter.Todo-list.watchkitapp";
				PRODUCT_NAME = "$(TARGET_NAME)";
				SDKROOT = watchos;
				SKIP_INSTALL = YES;
				TARGETED_DEVICE_FAMILY = 4;
				WATCHOS_DEPLOYMENT_TARGET = 3.2;
			};
			name = Release;
		};
		A1F4A4DD1EC0DD9E00F87F03 /* Debug */ = {
			isa = XCBuildConfiguration;
			buildSettings = {
				ALWAYS_SEARCH_USER_PATHS = NO;
				CLANG_ANALYZER_NONNULL = YES;
				CLANG_ANALYZER_NUMBER_OBJECT_CONVERSION = YES_AGGRESSIVE;
				CLANG_CXX_LANGUAGE_STANDARD = "gnu++0x";
				CLANG_CXX_LIBRARY = "libc++";
				CLANG_ENABLE_MODULES = YES;
				CLANG_ENABLE_OBJC_ARC = YES;
				CLANG_WARN_BOOL_CONVERSION = YES;
				CLANG_WARN_CONSTANT_CONVERSION = YES;
				CLANG_WARN_DIRECT_OBJC_ISA_USAGE = YES_ERROR;
				CLANG_WARN_DOCUMENTATION_COMMENTS = YES;
				CLANG_WARN_EMPTY_BODY = YES;
				CLANG_WARN_ENUM_CONVERSION = YES;
				CLANG_WARN_INFINITE_RECURSION = YES;
				CLANG_WARN_INT_CONVERSION = YES;
				CLANG_WARN_OBJC_ROOT_CLASS = YES_ERROR;
				CLANG_WARN_SUSPICIOUS_MOVE = YES;
				CLANG_WARN_UNREACHABLE_CODE = YES;
				CLANG_WARN__DUPLICATE_METHOD_MATCH = YES;
				"CODE_SIGN_IDENTITY[sdk=iphoneos*]" = "iPhone Developer";
				COPY_PHASE_STRIP = NO;
				DEBUG_INFORMATION_FORMAT = dwarf;
				ENABLE_STRICT_OBJC_MSGSEND = YES;
				ENABLE_TESTABILITY = YES;
				GCC_C_LANGUAGE_STANDARD = gnu99;
				GCC_DYNAMIC_NO_PIC = NO;
				GCC_NO_COMMON_BLOCKS = YES;
				GCC_OPTIMIZATION_LEVEL = 0;
				GCC_PREPROCESSOR_DEFINITIONS = (
					"DEBUG=1",
					"$(inherited)",
				);
				GCC_WARN_64_TO_32_BIT_CONVERSION = YES;
				GCC_WARN_ABOUT_RETURN_TYPE = YES_ERROR;
				GCC_WARN_UNDECLARED_SELECTOR = YES;
				GCC_WARN_UNINITIALIZED_AUTOS = YES_AGGRESSIVE;
				GCC_WARN_UNUSED_FUNCTION = YES;
				GCC_WARN_UNUSED_VARIABLE = YES;
				IPHONEOS_DEPLOYMENT_TARGET = 10.3;
				MTL_ENABLE_DEBUG_INFO = YES;
				ONLY_ACTIVE_ARCH = YES;
				SDKROOT = iphoneos;
				TARGETED_DEVICE_FAMILY = "1,2";
			};
			name = Debug;
		};
		A1F4A4DE1EC0DD9E00F87F03 /* Release */ = {
			isa = XCBuildConfiguration;
			buildSettings = {
				ALWAYS_SEARCH_USER_PATHS = NO;
				CLANG_ANALYZER_NONNULL = YES;
				CLANG_ANALYZER_NUMBER_OBJECT_CONVERSION = YES_AGGRESSIVE;
				CLANG_CXX_LANGUAGE_STANDARD = "gnu++0x";
				CLANG_CXX_LIBRARY = "libc++";
				CLANG_ENABLE_MODULES = YES;
				CLANG_ENABLE_OBJC_ARC = YES;
				CLANG_WARN_BOOL_CONVERSION = YES;
				CLANG_WARN_CONSTANT_CONVERSION = YES;
				CLANG_WARN_DIRECT_OBJC_ISA_USAGE = YES_ERROR;
				CLANG_WARN_DOCUMENTATION_COMMENTS = YES;
				CLANG_WARN_EMPTY_BODY = YES;
				CLANG_WARN_ENUM_CONVERSION = YES;
				CLANG_WARN_INFINITE_RECURSION = YES;
				CLANG_WARN_INT_CONVERSION = YES;
				CLANG_WARN_OBJC_ROOT_CLASS = YES_ERROR;
				CLANG_WARN_SUSPICIOUS_MOVE = YES;
				CLANG_WARN_UNREACHABLE_CODE = YES;
				CLANG_WARN__DUPLICATE_METHOD_MATCH = YES;
				"CODE_SIGN_IDENTITY[sdk=iphoneos*]" = "iPhone Developer";
				COPY_PHASE_STRIP = NO;
				DEBUG_INFORMATION_FORMAT = "dwarf-with-dsym";
				ENABLE_NS_ASSERTIONS = NO;
				ENABLE_STRICT_OBJC_MSGSEND = YES;
				GCC_C_LANGUAGE_STANDARD = gnu99;
				GCC_NO_COMMON_BLOCKS = YES;
				GCC_WARN_64_TO_32_BIT_CONVERSION = YES;
				GCC_WARN_ABOUT_RETURN_TYPE = YES_ERROR;
				GCC_WARN_UNDECLARED_SELECTOR = YES;
				GCC_WARN_UNINITIALIZED_AUTOS = YES_AGGRESSIVE;
				GCC_WARN_UNUSED_FUNCTION = YES;
				GCC_WARN_UNUSED_VARIABLE = YES;
				IPHONEOS_DEPLOYMENT_TARGET = 10.3;
				MTL_ENABLE_DEBUG_INFO = NO;
				SDKROOT = iphoneos;
				TARGETED_DEVICE_FAMILY = "1,2";
				VALIDATE_PRODUCT = YES;
			};
			name = Release;
		};
		A1F4A4E01EC0DD9E00F87F03 /* Debug */ = {
			isa = XCBuildConfiguration;
			baseConfigurationReference = 62D402EBC99E086F1D4A4755 /* Pods-Todo-list.debug.xcconfig */;
			buildSettings = {
				ASSETCATALOG_COMPILER_APPICON_NAME = AppIcon;
				DEVELOPMENT_TEAM = AB9NKXMTZH;
				INFOPLIST_FILE = "Todo-list/Info.plist";
				LD_RUNPATH_SEARCH_PATHS = "$(inherited) @executable_path/Frameworks";
				PRODUCT_BUNDLE_IDENTIFIER = "com.davidporter.Todo-list";
				PRODUCT_NAME = "$(TARGET_NAME)";
			};
			name = Debug;
		};
		A1F4A4E11EC0DD9E00F87F03 /* Release */ = {
			isa = XCBuildConfiguration;
			baseConfigurationReference = 57390AE74B743BD500C50C75 /* Pods-Todo-list.release.xcconfig */;
			buildSettings = {
				ASSETCATALOG_COMPILER_APPICON_NAME = AppIcon;
				DEVELOPMENT_TEAM = AB9NKXMTZH;
				INFOPLIST_FILE = "Todo-list/Info.plist";
				LD_RUNPATH_SEARCH_PATHS = "$(inherited) @executable_path/Frameworks";
				PRODUCT_BUNDLE_IDENTIFIER = "com.davidporter.Todo-list";
				PRODUCT_NAME = "$(TARGET_NAME)";
			};
			name = Release;
		};
/* End XCBuildConfiguration section */

/* Begin XCConfigurationList section */
		A1320E011EC233AA0060440B /* Build configuration list for PBXNativeTarget "Watchkit-todo-list Extension" */ = {
			isa = XCConfigurationList;
			buildConfigurations = (
				A1320E021EC233AA0060440B /* Debug */,
				A1320E031EC233AA0060440B /* Release */,
			);
			defaultConfigurationIsVisible = 0;
		};
		A1320E051EC233AA0060440B /* Build configuration list for PBXNativeTarget "Watchkit-todo-list" */ = {
			isa = XCConfigurationList;
			buildConfigurations = (
				A1320E061EC233AA0060440B /* Debug */,
				A1320E071EC233AA0060440B /* Release */,
			);
			defaultConfigurationIsVisible = 0;
		};
		A1F4A4C31EC0DD9E00F87F03 /* Build configuration list for PBXProject "Todo-list" */ = {
			isa = XCConfigurationList;
			buildConfigurations = (
				A1F4A4DD1EC0DD9E00F87F03 /* Debug */,
				A1F4A4DE1EC0DD9E00F87F03 /* Release */,
			);
			defaultConfigurationIsVisible = 0;
			defaultConfigurationName = Release;
		};
		A1F4A4DF1EC0DD9E00F87F03 /* Build configuration list for PBXNativeTarget "Todo-list" */ = {
			isa = XCConfigurationList;
			buildConfigurations = (
				A1F4A4E01EC0DD9E00F87F03 /* Debug */,
				A1F4A4E11EC0DD9E00F87F03 /* Release */,
			);
			defaultConfigurationIsVisible = 0;
			defaultConfigurationName = Release;
		};
/* End XCConfigurationList section */
	};
	rootObject = A1F4A4C01EC0DD9E00F87F03 /* Project object */;
}
